// !$*UTF8*$!
{
	archiveVersion = 1;
	classes = {
	};
	objectVersion = 56;
	objects = {

/* Begin PBXBuildFile section */
		203588A82CDBF2D800FBF05E /* ImagePicker.swift in Sources */ = {isa = PBXBuildFile; fileRef = 203588A72CDBF2D800FBF05E /* ImagePicker.swift */; };
		20BD59B42D63DD9E00BFBB78 /* HomeView.swift in Sources */ = {isa = PBXBuildFile; fileRef = 20BD59B32D63DD9E00BFBB78 /* HomeView.swift */; };
		20BD59B62D63E04C00BFBB78 /* InterestsSelectionView.swift in Sources */ = {isa = PBXBuildFile; fileRef = 20BD59B52D63E04C00BFBB78 /* InterestsSelectionView.swift */; };
		20BD59B82D63E28700BFBB78 /* OnboardingView.swift in Sources */ = {isa = PBXBuildFile; fileRef = 20BD59B72D63E28700BFBB78 /* OnboardingView.swift */; };
		20F669572D7A4E5700CE4E66 /* SetupProfileView.swift in Sources */ = {isa = PBXBuildFile; fileRef = 20F669562D7A4E5600CE4E66 /* SetupProfileView.swift */; };
		20FEE3A82CD98B3D00957976 /* DormsyApp.swift in Sources */ = {isa = PBXBuildFile; fileRef = 20FEE3A72CD98B3D00957976 /* DormsyApp.swift */; };
		20FEE3AA2CD98B3D00957976 /* ContentView.swift in Sources */ = {isa = PBXBuildFile; fileRef = 20FEE3A92CD98B3D00957976 /* ContentView.swift */; };
		20FEE3AC2CD98B3F00957976 /* Assets.xcassets in Resources */ = {isa = PBXBuildFile; fileRef = 20FEE3AB2CD98B3F00957976 /* Assets.xcassets */; };
		20FEE3B02CD98B3F00957976 /* Preview Assets.xcassets in Resources */ = {isa = PBXBuildFile; fileRef = 20FEE3AF2CD98B3F00957976 /* Preview Assets.xcassets */; };
		20FEE3BA2CD98B3F00957976 /* DormsyTests.swift in Sources */ = {isa = PBXBuildFile; fileRef = 20FEE3B92CD98B3F00957976 /* DormsyTests.swift */; };
		20FEE3C42CD98B3F00957976 /* DormsyUITests.swift in Sources */ = {isa = PBXBuildFile; fileRef = 20FEE3C32CD98B3F00957976 /* DormsyUITests.swift */; };
		20FEE3C62CD98B3F00957976 /* DormsyUITestsLaunchTests.swift in Sources */ = {isa = PBXBuildFile; fileRef = 20FEE3C52CD98B3F00957976 /* DormsyUITestsLaunchTests.swift */; };
		20FEE3D32CD98B4D00957976 /* GoogleService-Info.plist in Resources */ = {isa = PBXBuildFile; fileRef = 20FEE3D22CD98B4D00957976 /* GoogleService-Info.plist */; };
		20FEE3D62CD98FE900957976 /* FirebaseAnalytics in Frameworks */ = {isa = PBXBuildFile; productRef = 20FEE3D52CD98FE900957976 /* FirebaseAnalytics */; };
		20FEE3D82CD98FE900957976 /* FirebaseAnalyticsOnDeviceConversion in Frameworks */ = {isa = PBXBuildFile; productRef = 20FEE3D72CD98FE900957976 /* FirebaseAnalyticsOnDeviceConversion */; };
		20FEE3DA2CD98FE900957976 /* FirebaseAnalyticsWithoutAdIdSupport in Frameworks */ = {isa = PBXBuildFile; productRef = 20FEE3D92CD98FE900957976 /* FirebaseAnalyticsWithoutAdIdSupport */; };
		20FEE3DC2CD98FE900957976 /* FirebaseAppCheck in Frameworks */ = {isa = PBXBuildFile; productRef = 20FEE3DB2CD98FE900957976 /* FirebaseAppCheck */; };
		20FEE3DE2CD98FE900957976 /* FirebaseAppDistribution-Beta in Frameworks */ = {isa = PBXBuildFile; productRef = 20FEE3DD2CD98FE900957976 /* FirebaseAppDistribution-Beta */; };
		20FEE3E02CD9907900957976 /* FirebaseAuth in Frameworks */ = {isa = PBXBuildFile; productRef = 20FEE3DF2CD9907900957976 /* FirebaseAuth */; };
		20FEE3E22CD9907900957976 /* FirebaseAuthCombine-Community in Frameworks */ = {isa = PBXBuildFile; productRef = 20FEE3E12CD9907900957976 /* FirebaseAuthCombine-Community */; };
		20FEE3E42CD9907900957976 /* FirebaseCore in Frameworks */ = {isa = PBXBuildFile; productRef = 20FEE3E32CD9907900957976 /* FirebaseCore */; };
		20FEE3E62CD9907900957976 /* FirebaseCrashlytics in Frameworks */ = {isa = PBXBuildFile; productRef = 20FEE3E52CD9907900957976 /* FirebaseCrashlytics */; };
		20FEE3E82CD9907900957976 /* FirebaseDatabase in Frameworks */ = {isa = PBXBuildFile; productRef = 20FEE3E72CD9907900957976 /* FirebaseDatabase */; };
		20FEE3EA2CD9907900957976 /* FirebaseDynamicLinks in Frameworks */ = {isa = PBXBuildFile; productRef = 20FEE3E92CD9907900957976 /* FirebaseDynamicLinks */; };
		20FEE3EC2CD9907900957976 /* FirebaseFirestore in Frameworks */ = {isa = PBXBuildFile; productRef = 20FEE3EB2CD9907900957976 /* FirebaseFirestore */; };
		20FEE3EE2CD9907900957976 /* FirebaseFirestoreCombine-Community in Frameworks */ = {isa = PBXBuildFile; productRef = 20FEE3ED2CD9907900957976 /* FirebaseFirestoreCombine-Community */; };
		20FEE3F02CD9907900957976 /* FirebaseFunctions in Frameworks */ = {isa = PBXBuildFile; productRef = 20FEE3EF2CD9907900957976 /* FirebaseFunctions */; };
		20FEE3F22CD9907900957976 /* FirebaseFunctionsCombine-Community in Frameworks */ = {isa = PBXBuildFile; productRef = 20FEE3F12CD9907900957976 /* FirebaseFunctionsCombine-Community */; };
		20FEE3F42CD9907900957976 /* FirebaseInAppMessaging-Beta in Frameworks */ = {isa = PBXBuildFile; productRef = 20FEE3F32CD9907900957976 /* FirebaseInAppMessaging-Beta */; };
		20FEE3F62CD9907900957976 /* FirebaseInstallations in Frameworks */ = {isa = PBXBuildFile; productRef = 20FEE3F52CD9907900957976 /* FirebaseInstallations */; };
		20FEE3F82CD9907900957976 /* FirebaseMLModelDownloader in Frameworks */ = {isa = PBXBuildFile; productRef = 20FEE3F72CD9907900957976 /* FirebaseMLModelDownloader */; };
		20FEE3FA2CD9907900957976 /* FirebaseMessaging in Frameworks */ = {isa = PBXBuildFile; productRef = 20FEE3F92CD9907900957976 /* FirebaseMessaging */; };
		20FEE3FC2CD9907900957976 /* FirebasePerformance in Frameworks */ = {isa = PBXBuildFile; productRef = 20FEE3FB2CD9907900957976 /* FirebasePerformance */; };
		20FEE3FE2CD9907900957976 /* FirebaseRemoteConfig in Frameworks */ = {isa = PBXBuildFile; productRef = 20FEE3FD2CD9907900957976 /* FirebaseRemoteConfig */; };
		20FEE4002CD9907900957976 /* FirebaseStorage in Frameworks */ = {isa = PBXBuildFile; productRef = 20FEE3FF2CD9907900957976 /* FirebaseStorage */; };
		20FEE4022CD9907900957976 /* FirebaseStorageCombine-Community in Frameworks */ = {isa = PBXBuildFile; productRef = 20FEE4012CD9907900957976 /* FirebaseStorageCombine-Community */; };
		20FEE4042CD9907900957976 /* FirebaseVertexAI in Frameworks */ = {isa = PBXBuildFile; productRef = 20FEE4032CD9907900957976 /* FirebaseVertexAI */; };
		20FEE4062CD9920400957976 /* LoginView.swift in Sources */ = {isa = PBXBuildFile; fileRef = 20FEE4052CD9920400957976 /* LoginView.swift */; };
/* End PBXBuildFile section */

/* Begin PBXContainerItemProxy section */
		20FEE3B62CD98B3F00957976 /* PBXContainerItemProxy */ = {
			isa = PBXContainerItemProxy;
			containerPortal = 20FEE39C2CD98B3D00957976 /* Project object */;
			proxyType = 1;
			remoteGlobalIDString = 20FEE3A32CD98B3D00957976;
			remoteInfo = Dormsy;
		};
		20FEE3C02CD98B3F00957976 /* PBXContainerItemProxy */ = {
			isa = PBXContainerItemProxy;
			containerPortal = 20FEE39C2CD98B3D00957976 /* Project object */;
			proxyType = 1;
			remoteGlobalIDString = 20FEE3A32CD98B3D00957976;
			remoteInfo = Dormsy;
		};
/* End PBXContainerItemProxy section */

/* Begin PBXFileReference section */
		203588A72CDBF2D800FBF05E /* ImagePicker.swift */ = {isa = PBXFileReference; lastKnownFileType = sourcecode.swift; path = ImagePicker.swift; sourceTree = "<group>"; };
		20BD59B32D63DD9E00BFBB78 /* HomeView.swift */ = {isa = PBXFileReference; lastKnownFileType = sourcecode.swift; path = HomeView.swift; sourceTree = "<group>"; };
		20BD59B52D63E04C00BFBB78 /* InterestsSelectionView.swift */ = {isa = PBXFileReference; lastKnownFileType = sourcecode.swift; path = InterestsSelectionView.swift; sourceTree = "<group>"; };
		20BD59B72D63E28700BFBB78 /* OnboardingView.swift */ = {isa = PBXFileReference; lastKnownFileType = sourcecode.swift; path = OnboardingView.swift; sourceTree = "<group>"; };
		20F669562D7A4E5600CE4E66 /* SetupProfileView.swift */ = {isa = PBXFileReference; fileEncoding = 4; lastKnownFileType = sourcecode.swift; path = SetupProfileView.swift; sourceTree = "<group>"; };
		20FEE3A42CD98B3D00957976 /* Dormsy.app */ = {isa = PBXFileReference; explicitFileType = wrapper.application; includeInIndex = 0; path = Dormsy.app; sourceTree = BUILT_PRODUCTS_DIR; };
		20FEE3A72CD98B3D00957976 /* DormsyApp.swift */ = {isa = PBXFileReference; lastKnownFileType = sourcecode.swift; path = DormsyApp.swift; sourceTree = "<group>"; };
		20FEE3A92CD98B3D00957976 /* ContentView.swift */ = {isa = PBXFileReference; lastKnownFileType = sourcecode.swift; path = ContentView.swift; sourceTree = "<group>"; };
		20FEE3AB2CD98B3F00957976 /* Assets.xcassets */ = {isa = PBXFileReference; lastKnownFileType = folder.assetcatalog; path = Assets.xcassets; sourceTree = "<group>"; };
		20FEE3AD2CD98B3F00957976 /* Dormsy.entitlements */ = {isa = PBXFileReference; lastKnownFileType = text.plist.entitlements; path = Dormsy.entitlements; sourceTree = "<group>"; };
		20FEE3AF2CD98B3F00957976 /* Preview Assets.xcassets */ = {isa = PBXFileReference; lastKnownFileType = folder.assetcatalog; path = "Preview Assets.xcassets"; sourceTree = "<group>"; };
		20FEE3B52CD98B3F00957976 /* DormsyTests.xctest */ = {isa = PBXFileReference; explicitFileType = wrapper.cfbundle; includeInIndex = 0; path = DormsyTests.xctest; sourceTree = BUILT_PRODUCTS_DIR; };
		20FEE3B92CD98B3F00957976 /* DormsyTests.swift */ = {isa = PBXFileReference; lastKnownFileType = sourcecode.swift; path = DormsyTests.swift; sourceTree = "<group>"; };
		20FEE3BF2CD98B3F00957976 /* DormsyUITests.xctest */ = {isa = PBXFileReference; explicitFileType = wrapper.cfbundle; includeInIndex = 0; path = DormsyUITests.xctest; sourceTree = BUILT_PRODUCTS_DIR; };
		20FEE3C32CD98B3F00957976 /* DormsyUITests.swift */ = {isa = PBXFileReference; lastKnownFileType = sourcecode.swift; path = DormsyUITests.swift; sourceTree = "<group>"; };
		20FEE3C52CD98B3F00957976 /* DormsyUITestsLaunchTests.swift */ = {isa = PBXFileReference; lastKnownFileType = sourcecode.swift; path = DormsyUITestsLaunchTests.swift; sourceTree = "<group>"; };
		20FEE3D22CD98B4D00957976 /* GoogleService-Info.plist */ = {isa = PBXFileReference; fileEncoding = 4; lastKnownFileType = text.plist; name = "GoogleService-Info.plist"; path = "../../../../../../../../../Users/rishabsanjay/Downloads/GoogleService-Info.plist"; sourceTree = SDKROOT; };
		20FEE4052CD9920400957976 /* LoginView.swift */ = {isa = PBXFileReference; lastKnownFileType = sourcecode.swift; path = LoginView.swift; sourceTree = "<group>"; };
/* End PBXFileReference section */

/* Begin PBXFrameworksBuildPhase section */
		20FEE3A12CD98B3D00957976 /* Frameworks */ = {
			isa = PBXFrameworksBuildPhase;
			buildActionMask = 2147483647;
			files = (
				20FEE3EE2CD9907900957976 /* FirebaseFirestoreCombine-Community in Frameworks */,
				20FEE4042CD9907900957976 /* FirebaseVertexAI in Frameworks */,
				20FEE3F02CD9907900957976 /* FirebaseFunctions in Frameworks */,
				20FEE3FC2CD9907900957976 /* FirebasePerformance in Frameworks */,
				20FEE4022CD9907900957976 /* FirebaseStorageCombine-Community in Frameworks */,
				20FEE3FE2CD9907900957976 /* FirebaseRemoteConfig in Frameworks */,
				20FEE3E82CD9907900957976 /* FirebaseDatabase in Frameworks */,
				20FEE3EA2CD9907900957976 /* FirebaseDynamicLinks in Frameworks */,
				20FEE3DC2CD98FE900957976 /* FirebaseAppCheck in Frameworks */,
				20FEE3E02CD9907900957976 /* FirebaseAuth in Frameworks */,
				20FEE3D62CD98FE900957976 /* FirebaseAnalytics in Frameworks */,
				20FEE3EC2CD9907900957976 /* FirebaseFirestore in Frameworks */,
				20FEE3FA2CD9907900957976 /* FirebaseMessaging in Frameworks */,
				20FEE3F62CD9907900957976 /* FirebaseInstallations in Frameworks */,
				20FEE3F22CD9907900957976 /* FirebaseFunctionsCombine-Community in Frameworks */,
				20FEE3DE2CD98FE900957976 /* FirebaseAppDistribution-Beta in Frameworks */,
				20FEE3DA2CD98FE900957976 /* FirebaseAnalyticsWithoutAdIdSupport in Frameworks */,
				20FEE3F42CD9907900957976 /* FirebaseInAppMessaging-Beta in Frameworks */,
				20FEE3E22CD9907900957976 /* FirebaseAuthCombine-Community in Frameworks */,
				20FEE3E62CD9907900957976 /* FirebaseCrashlytics in Frameworks */,
				20FEE3F82CD9907900957976 /* FirebaseMLModelDownloader in Frameworks */,
				20FEE4002CD9907900957976 /* FirebaseStorage in Frameworks */,
				20FEE3E42CD9907900957976 /* FirebaseCore in Frameworks */,
				20FEE3D82CD98FE900957976 /* FirebaseAnalyticsOnDeviceConversion in Frameworks */,
			);
			runOnlyForDeploymentPostprocessing = 0;
		};
		20FEE3B22CD98B3F00957976 /* Frameworks */ = {
			isa = PBXFrameworksBuildPhase;
			buildActionMask = 2147483647;
			files = (
			);
			runOnlyForDeploymentPostprocessing = 0;
		};
		20FEE3BC2CD98B3F00957976 /* Frameworks */ = {
			isa = PBXFrameworksBuildPhase;
			buildActionMask = 2147483647;
			files = (
			);
			runOnlyForDeploymentPostprocessing = 0;
		};
/* End PBXFrameworksBuildPhase section */

/* Begin PBXGroup section */
		20FEE39B2CD98B3D00957976 = {
			isa = PBXGroup;
			children = (
				20BD59B72D63E28700BFBB78 /* OnboardingView.swift */,
				20BD59B52D63E04C00BFBB78 /* InterestsSelectionView.swift */,
				203588A72CDBF2D800FBF05E /* ImagePicker.swift */,
				20FEE3A62CD98B3D00957976 /* Dormsy */,
				20FEE3B82CD98B3F00957976 /* DormsyTests */,
				20FEE3C22CD98B3F00957976 /* DormsyUITests */,
				20FEE3A52CD98B3D00957976 /* Products */,
			);
			sourceTree = "<group>";
		};
		20FEE3A52CD98B3D00957976 /* Products */ = {
			isa = PBXGroup;
			children = (
				20FEE3A42CD98B3D00957976 /* Dormsy.app */,
				20FEE3B52CD98B3F00957976 /* DormsyTests.xctest */,
				20FEE3BF2CD98B3F00957976 /* DormsyUITests.xctest */,
			);
			name = Products;
			sourceTree = "<group>";
		};
		20FEE3A62CD98B3D00957976 /* Dormsy */ = {
			isa = PBXGroup;
			children = (
				20F669562D7A4E5600CE4E66 /* SetupProfileView.swift */,
				20FEE3D22CD98B4D00957976 /* GoogleService-Info.plist */,
				20FEE3A72CD98B3D00957976 /* DormsyApp.swift */,
				20FEE3A92CD98B3D00957976 /* ContentView.swift */,
				20FEE4052CD9920400957976 /* LoginView.swift */,
				20FEE3AB2CD98B3F00957976 /* Assets.xcassets */,
				20FEE3AD2CD98B3F00957976 /* Dormsy.entitlements */,
				20FEE3AE2CD98B3F00957976 /* Preview Content */,
				20BD59B32D63DD9E00BFBB78 /* HomeView.swift */,
			);
			path = Dormsy;
			sourceTree = "<group>";
		};
		20FEE3AE2CD98B3F00957976 /* Preview Content */ = {
			isa = PBXGroup;
			children = (
				20FEE3AF2CD98B3F00957976 /* Preview Assets.xcassets */,
			);
			path = "Preview Content";
			sourceTree = "<group>";
		};
		20FEE3B82CD98B3F00957976 /* DormsyTests */ = {
			isa = PBXGroup;
			children = (
				20FEE3B92CD98B3F00957976 /* DormsyTests.swift */,
			);
			path = DormsyTests;
			sourceTree = "<group>";
		};
		20FEE3C22CD98B3F00957976 /* DormsyUITests */ = {
			isa = PBXGroup;
			children = (
				20FEE3C32CD98B3F00957976 /* DormsyUITests.swift */,
				20FEE3C52CD98B3F00957976 /* DormsyUITestsLaunchTests.swift */,
			);
			path = DormsyUITests;
			sourceTree = "<group>";
		};
/* End PBXGroup section */

/* Begin PBXNativeTarget section */
		20FEE3A32CD98B3D00957976 /* Dormsy */ = {
			isa = PBXNativeTarget;
			buildConfigurationList = 20FEE3C92CD98B3F00957976 /* Build configuration list for PBXNativeTarget "Dormsy" */;
			buildPhases = (
				20FEE3A02CD98B3D00957976 /* Sources */,
				20FEE3A12CD98B3D00957976 /* Frameworks */,
				20FEE3A22CD98B3D00957976 /* Resources */,
			);
			buildRules = (
			);
			dependencies = (
			);
			name = Dormsy;
			packageProductDependencies = (
				20FEE3D52CD98FE900957976 /* FirebaseAnalytics */,
				20FEE3D72CD98FE900957976 /* FirebaseAnalyticsOnDeviceConversion */,
				20FEE3D92CD98FE900957976 /* FirebaseAnalyticsWithoutAdIdSupport */,
				20FEE3DB2CD98FE900957976 /* FirebaseAppCheck */,
				20FEE3DD2CD98FE900957976 /* FirebaseAppDistribution-Beta */,
				20FEE3DF2CD9907900957976 /* FirebaseAuth */,
				20FEE3E12CD9907900957976 /* FirebaseAuthCombine-Community */,
				20FEE3E32CD9907900957976 /* FirebaseCore */,
				20FEE3E52CD9907900957976 /* FirebaseCrashlytics */,
				20FEE3E72CD9907900957976 /* FirebaseDatabase */,
				20FEE3E92CD9907900957976 /* FirebaseDynamicLinks */,
				20FEE3EB2CD9907900957976 /* FirebaseFirestore */,
				20FEE3ED2CD9907900957976 /* FirebaseFirestoreCombine-Community */,
				20FEE3EF2CD9907900957976 /* FirebaseFunctions */,
				20FEE3F12CD9907900957976 /* FirebaseFunctionsCombine-Community */,
				20FEE3F32CD9907900957976 /* FirebaseInAppMessaging-Beta */,
				20FEE3F52CD9907900957976 /* FirebaseInstallations */,
				20FEE3F72CD9907900957976 /* FirebaseMLModelDownloader */,
				20FEE3F92CD9907900957976 /* FirebaseMessaging */,
				20FEE3FB2CD9907900957976 /* FirebasePerformance */,
				20FEE3FD2CD9907900957976 /* FirebaseRemoteConfig */,
				20FEE3FF2CD9907900957976 /* FirebaseStorage */,
				20FEE4012CD9907900957976 /* FirebaseStorageCombine-Community */,
				20FEE4032CD9907900957976 /* FirebaseVertexAI */,
			);
			productName = Dormsy;
			productReference = 20FEE3A42CD98B3D00957976 /* Dormsy.app */;
			productType = "com.apple.product-type.application";
		};
		20FEE3B42CD98B3F00957976 /* DormsyTests */ = {
			isa = PBXNativeTarget;
			buildConfigurationList = 20FEE3CC2CD98B3F00957976 /* Build configuration list for PBXNativeTarget "DormsyTests" */;
			buildPhases = (
				20FEE3B12CD98B3F00957976 /* Sources */,
				20FEE3B22CD98B3F00957976 /* Frameworks */,
				20FEE3B32CD98B3F00957976 /* Resources */,
			);
			buildRules = (
			);
			dependencies = (
				20FEE3B72CD98B3F00957976 /* PBXTargetDependency */,
			);
			name = DormsyTests;
			productName = DormsyTests;
			productReference = 20FEE3B52CD98B3F00957976 /* DormsyTests.xctest */;
			productType = "com.apple.product-type.bundle.unit-test";
		};
		20FEE3BE2CD98B3F00957976 /* DormsyUITests */ = {
			isa = PBXNativeTarget;
			buildConfigurationList = 20FEE3CF2CD98B3F00957976 /* Build configuration list for PBXNativeTarget "DormsyUITests" */;
			buildPhases = (
				20FEE3BB2CD98B3F00957976 /* Sources */,
				20FEE3BC2CD98B3F00957976 /* Frameworks */,
				20FEE3BD2CD98B3F00957976 /* Resources */,
			);
			buildRules = (
			);
			dependencies = (
				20FEE3C12CD98B3F00957976 /* PBXTargetDependency */,
			);
			name = DormsyUITests;
			productName = DormsyUITests;
			productReference = 20FEE3BF2CD98B3F00957976 /* DormsyUITests.xctest */;
			productType = "com.apple.product-type.bundle.ui-testing";
		};
/* End PBXNativeTarget section */

/* Begin PBXProject section */
		20FEE39C2CD98B3D00957976 /* Project object */ = {
			isa = PBXProject;
			attributes = {
				BuildIndependentTargetsInParallel = 1;
				LastSwiftUpdateCheck = 1520;
				LastUpgradeCheck = 1610;
				TargetAttributes = {
					20FEE3A32CD98B3D00957976 = {
						CreatedOnToolsVersion = 15.2;
					};
					20FEE3B42CD98B3F00957976 = {
						CreatedOnToolsVersion = 15.2;
						TestTargetID = 20FEE3A32CD98B3D00957976;
					};
					20FEE3BE2CD98B3F00957976 = {
						CreatedOnToolsVersion = 15.2;
						TestTargetID = 20FEE3A32CD98B3D00957976;
					};
				};
			};
			buildConfigurationList = 20FEE39F2CD98B3D00957976 /* Build configuration list for PBXProject "Dormsy" */;
			compatibilityVersion = "Xcode 14.0";
			developmentRegion = en;
			hasScannedForEncodings = 0;
			knownRegions = (
				en,
				Base,
			);
			mainGroup = 20FEE39B2CD98B3D00957976;
			packageReferences = (
				20FEE3D42CD98CE100957976 /* XCRemoteSwiftPackageReference "firebase-ios-sdk" */,
			);
			productRefGroup = 20FEE3A52CD98B3D00957976 /* Products */;
			projectDirPath = "";
			projectRoot = "";
			targets = (
				20FEE3A32CD98B3D00957976 /* Dormsy */,
				20FEE3B42CD98B3F00957976 /* DormsyTests */,
				20FEE3BE2CD98B3F00957976 /* DormsyUITests */,
			);
		};
/* End PBXProject section */

/* Begin PBXResourcesBuildPhase section */
		20FEE3A22CD98B3D00957976 /* Resources */ = {
			isa = PBXResourcesBuildPhase;
			buildActionMask = 2147483647;
			files = (
				20FEE3B02CD98B3F00957976 /* Preview Assets.xcassets in Resources */,
				20FEE3AC2CD98B3F00957976 /* Assets.xcassets in Resources */,
				20FEE3D32CD98B4D00957976 /* GoogleService-Info.plist in Resources */,
			);
			runOnlyForDeploymentPostprocessing = 0;
		};
		20FEE3B32CD98B3F00957976 /* Resources */ = {
			isa = PBXResourcesBuildPhase;
			buildActionMask = 2147483647;
			files = (
			);
			runOnlyForDeploymentPostprocessing = 0;
		};
		20FEE3BD2CD98B3F00957976 /* Resources */ = {
			isa = PBXResourcesBuildPhase;
			buildActionMask = 2147483647;
			files = (
			);
			runOnlyForDeploymentPostprocessing = 0;
		};
/* End PBXResourcesBuildPhase section */

/* Begin PBXSourcesBuildPhase section */
		20FEE3A02CD98B3D00957976 /* Sources */ = {
			isa = PBXSourcesBuildPhase;
			buildActionMask = 2147483647;
			files = (
				203588A82CDBF2D800FBF05E /* ImagePicker.swift in Sources */,
				20BD59B82D63E28700BFBB78 /* OnboardingView.swift in Sources */,
				20FEE4062CD9920400957976 /* LoginView.swift in Sources */,
				20F669572D7A4E5700CE4E66 /* SetupProfileView.swift in Sources */,
				20BD59B42D63DD9E00BFBB78 /* HomeView.swift in Sources */,
				20FEE3AA2CD98B3D00957976 /* ContentView.swift in Sources */,
				20BD59B62D63E04C00BFBB78 /* InterestsSelectionView.swift in Sources */,
				20FEE3A82CD98B3D00957976 /* DormsyApp.swift in Sources */,
			);
			runOnlyForDeploymentPostprocessing = 0;
		};
		20FEE3B12CD98B3F00957976 /* Sources */ = {
			isa = PBXSourcesBuildPhase;
			buildActionMask = 2147483647;
			files = (
				20FEE3BA2CD98B3F00957976 /* DormsyTests.swift in Sources */,
			);
			runOnlyForDeploymentPostprocessing = 0;
		};
		20FEE3BB2CD98B3F00957976 /* Sources */ = {
			isa = PBXSourcesBuildPhase;
			buildActionMask = 2147483647;
			files = (
				20FEE3C62CD98B3F00957976 /* DormsyUITestsLaunchTests.swift in Sources */,
				20FEE3C42CD98B3F00957976 /* DormsyUITests.swift in Sources */,
			);
			runOnlyForDeploymentPostprocessing = 0;
		};
/* End PBXSourcesBuildPhase section */

/* Begin PBXTargetDependency section */
		20FEE3B72CD98B3F00957976 /* PBXTargetDependency */ = {
			isa = PBXTargetDependency;
			target = 20FEE3A32CD98B3D00957976 /* Dormsy */;
			targetProxy = 20FEE3B62CD98B3F00957976 /* PBXContainerItemProxy */;
		};
		20FEE3C12CD98B3F00957976 /* PBXTargetDependency */ = {
			isa = PBXTargetDependency;
			target = 20FEE3A32CD98B3D00957976 /* Dormsy */;
			targetProxy = 20FEE3C02CD98B3F00957976 /* PBXContainerItemProxy */;
		};
/* End PBXTargetDependency section */

/* Begin XCBuildConfiguration section */
		20FEE3C72CD98B3F00957976 /* Debug */ = {
			isa = XCBuildConfiguration;
			buildSettings = {
				ALWAYS_SEARCH_USER_PATHS = NO;
				ASSETCATALOG_COMPILER_GENERATE_SWIFT_ASSET_SYMBOL_EXTENSIONS = YES;
				CLANG_ANALYZER_NONNULL = YES;
				CLANG_ANALYZER_NUMBER_OBJECT_CONVERSION = YES_AGGRESSIVE;
				CLANG_CXX_LANGUAGE_STANDARD = "gnu++20";
				CLANG_ENABLE_MODULES = YES;
				CLANG_ENABLE_OBJC_ARC = YES;
				CLANG_ENABLE_OBJC_WEAK = YES;
				CLANG_WARN_BLOCK_CAPTURE_AUTORELEASING = YES;
				CLANG_WARN_BOOL_CONVERSION = YES;
				CLANG_WARN_COMMA = YES;
				CLANG_WARN_CONSTANT_CONVERSION = YES;
				CLANG_WARN_DEPRECATED_OBJC_IMPLEMENTATIONS = YES;
				CLANG_WARN_DIRECT_OBJC_ISA_USAGE = YES_ERROR;
				CLANG_WARN_DOCUMENTATION_COMMENTS = YES;
				CLANG_WARN_EMPTY_BODY = YES;
				CLANG_WARN_ENUM_CONVERSION = YES;
				CLANG_WARN_INFINITE_RECURSION = YES;
				CLANG_WARN_INT_CONVERSION = YES;
				CLANG_WARN_NON_LITERAL_NULL_CONVERSION = YES;
				CLANG_WARN_OBJC_IMPLICIT_RETAIN_SELF = YES;
				CLANG_WARN_OBJC_LITERAL_CONVERSION = YES;
				CLANG_WARN_OBJC_ROOT_CLASS = YES_ERROR;
				CLANG_WARN_QUOTED_INCLUDE_IN_FRAMEWORK_HEADER = YES;
				CLANG_WARN_RANGE_LOOP_ANALYSIS = YES;
				CLANG_WARN_STRICT_PROTOTYPES = YES;
				CLANG_WARN_SUSPICIOUS_MOVE = YES;
				CLANG_WARN_UNGUARDED_AVAILABILITY = YES_AGGRESSIVE;
				CLANG_WARN_UNREACHABLE_CODE = YES;
				CLANG_WARN__DUPLICATE_METHOD_MATCH = YES;
				COPY_PHASE_STRIP = NO;
				DEAD_CODE_STRIPPING = YES;
				DEBUG_INFORMATION_FORMAT = dwarf;
				ENABLE_STRICT_OBJC_MSGSEND = YES;
				ENABLE_TESTABILITY = YES;
				ENABLE_USER_SCRIPT_SANDBOXING = YES;
				GCC_C_LANGUAGE_STANDARD = gnu17;
				GCC_DYNAMIC_NO_PIC = NO;
				GCC_NO_COMMON_BLOCKS = YES;
				GCC_OPTIMIZATION_LEVEL = 0;
				GCC_PREPROCESSOR_DEFINITIONS = (
					"DEBUG=1",
					"$(inherited)",
				);
				GCC_WARN_64_TO_32_BIT_CONVERSION = YES;
				GCC_WARN_ABOUT_RETURN_TYPE = YES_ERROR;
				GCC_WARN_UNDECLARED_SELECTOR = YES;
				GCC_WARN_UNINITIALIZED_AUTOS = YES_AGGRESSIVE;
				GCC_WARN_UNUSED_FUNCTION = YES;
				GCC_WARN_UNUSED_VARIABLE = YES;
				LOCALIZATION_PREFERS_STRING_CATALOGS = YES;
				MTL_ENABLE_DEBUG_INFO = INCLUDE_SOURCE;
				MTL_FAST_MATH = YES;
				ONLY_ACTIVE_ARCH = YES;
				SWIFT_ACTIVE_COMPILATION_CONDITIONS = "DEBUG $(inherited)";
				SWIFT_OPTIMIZATION_LEVEL = "-Onone";
			};
			name = Debug;
		};
		20FEE3C82CD98B3F00957976 /* Release */ = {
			isa = XCBuildConfiguration;
			buildSettings = {
				ALWAYS_SEARCH_USER_PATHS = NO;
				ASSETCATALOG_COMPILER_GENERATE_SWIFT_ASSET_SYMBOL_EXTENSIONS = YES;
				CLANG_ANALYZER_NONNULL = YES;
				CLANG_ANALYZER_NUMBER_OBJECT_CONVERSION = YES_AGGRESSIVE;
				CLANG_CXX_LANGUAGE_STANDARD = "gnu++20";
				CLANG_ENABLE_MODULES = YES;
				CLANG_ENABLE_OBJC_ARC = YES;
				CLANG_ENABLE_OBJC_WEAK = YES;
				CLANG_WARN_BLOCK_CAPTURE_AUTORELEASING = YES;
				CLANG_WARN_BOOL_CONVERSION = YES;
				CLANG_WARN_COMMA = YES;
				CLANG_WARN_CONSTANT_CONVERSION = YES;
				CLANG_WARN_DEPRECATED_OBJC_IMPLEMENTATIONS = YES;
				CLANG_WARN_DIRECT_OBJC_ISA_USAGE = YES_ERROR;
				CLANG_WARN_DOCUMENTATION_COMMENTS = YES;
				CLANG_WARN_EMPTY_BODY = YES;
				CLANG_WARN_ENUM_CONVERSION = YES;
				CLANG_WARN_INFINITE_RECURSION = YES;
				CLANG_WARN_INT_CONVERSION = YES;
				CLANG_WARN_NON_LITERAL_NULL_CONVERSION = YES;
				CLANG_WARN_OBJC_IMPLICIT_RETAIN_SELF = YES;
				CLANG_WARN_OBJC_LITERAL_CONVERSION = YES;
				CLANG_WARN_OBJC_ROOT_CLASS = YES_ERROR;
				CLANG_WARN_QUOTED_INCLUDE_IN_FRAMEWORK_HEADER = YES;
				CLANG_WARN_RANGE_LOOP_ANALYSIS = YES;
				CLANG_WARN_STRICT_PROTOTYPES = YES;
				CLANG_WARN_SUSPICIOUS_MOVE = YES;
				CLANG_WARN_UNGUARDED_AVAILABILITY = YES_AGGRESSIVE;
				CLANG_WARN_UNREACHABLE_CODE = YES;
				CLANG_WARN__DUPLICATE_METHOD_MATCH = YES;
				COPY_PHASE_STRIP = NO;
				DEAD_CODE_STRIPPING = YES;
				DEBUG_INFORMATION_FORMAT = "dwarf-with-dsym";
				ENABLE_NS_ASSERTIONS = NO;
				ENABLE_STRICT_OBJC_MSGSEND = YES;
				ENABLE_USER_SCRIPT_SANDBOXING = YES;
				GCC_C_LANGUAGE_STANDARD = gnu17;
				GCC_NO_COMMON_BLOCKS = YES;
				GCC_WARN_64_TO_32_BIT_CONVERSION = YES;
				GCC_WARN_ABOUT_RETURN_TYPE = YES_ERROR;
				GCC_WARN_UNDECLARED_SELECTOR = YES;
				GCC_WARN_UNINITIALIZED_AUTOS = YES_AGGRESSIVE;
				GCC_WARN_UNUSED_FUNCTION = YES;
				GCC_WARN_UNUSED_VARIABLE = YES;
				LOCALIZATION_PREFERS_STRING_CATALOGS = YES;
				MTL_ENABLE_DEBUG_INFO = NO;
				MTL_FAST_MATH = YES;
				SWIFT_COMPILATION_MODE = wholemodule;
			};
			name = Release;
		};
		20FEE3CA2CD98B3F00957976 /* Debug */ = {
			isa = XCBuildConfiguration;
			buildSettings = {
				ASSETCATALOG_COMPILER_APPICON_NAME = AppIcon;
				ASSETCATALOG_COMPILER_GLOBAL_ACCENT_COLOR_NAME = AccentColor;
				CODE_SIGN_ENTITLEMENTS = Dormsy/Dormsy.entitlements;
				CODE_SIGN_STYLE = Automatic;
				CURRENT_PROJECT_VERSION = 1;
				DEAD_CODE_STRIPPING = YES;
				DEVELOPMENT_ASSET_PATHS = "\"Dormsy/Preview Content\"";
				DEVELOPMENT_TEAM = 7U4ZRRBBNS;
				ENABLE_HARDENED_RUNTIME = YES;
				ENABLE_PREVIEWS = YES;
				GENERATE_INFOPLIST_FILE = YES;
				"INFOPLIST_KEY_UIApplicationSceneManifest_Generation[sdk=iphoneos*]" = YES;
				"INFOPLIST_KEY_UIApplicationSceneManifest_Generation[sdk=iphonesimulator*]" = YES;
				"INFOPLIST_KEY_UIApplicationSupportsIndirectInputEvents[sdk=iphoneos*]" = YES;
				"INFOPLIST_KEY_UIApplicationSupportsIndirectInputEvents[sdk=iphonesimulator*]" = YES;
				"INFOPLIST_KEY_UILaunchScreen_Generation[sdk=iphoneos*]" = YES;
				"INFOPLIST_KEY_UILaunchScreen_Generation[sdk=iphonesimulator*]" = YES;
				"INFOPLIST_KEY_UIStatusBarStyle[sdk=iphoneos*]" = UIStatusBarStyleDefault;
				"INFOPLIST_KEY_UIStatusBarStyle[sdk=iphonesimulator*]" = UIStatusBarStyleDefault;
				INFOPLIST_KEY_UISupportedInterfaceOrientations_iPad = "UIInterfaceOrientationPortrait UIInterfaceOrientationPortraitUpsideDown UIInterfaceOrientationLandscapeLeft UIInterfaceOrientationLandscapeRight";
				INFOPLIST_KEY_UISupportedInterfaceOrientations_iPhone = "UIInterfaceOrientationPortrait UIInterfaceOrientationLandscapeLeft UIInterfaceOrientationLandscapeRight";
				IPHONEOS_DEPLOYMENT_TARGET = 17.2;
				LD_RUNPATH_SEARCH_PATHS = "@executable_path/Frameworks";
				"LD_RUNPATH_SEARCH_PATHS[sdk=macosx*]" = "@executable_path/../Frameworks";
				MACOSX_DEPLOYMENT_TARGET = 14.2;
				MARKETING_VERSION = 1.0;
				PRODUCT_BUNDLE_IDENTIFIER = testing.Dormsy;
				PRODUCT_NAME = "$(TARGET_NAME)";
				SDKROOT = auto;
				SUPPORTED_PLATFORMS = "iphoneos iphonesimulator";
				SUPPORTS_MACCATALYST = NO;
				SWIFT_EMIT_LOC_STRINGS = YES;
				SWIFT_VERSION = 5.0;
				TARGETED_DEVICE_FAMILY = "1,2";
			};
			name = Debug;
		};
		20FEE3CB2CD98B3F00957976 /* Release */ = {
			isa = XCBuildConfiguration;
			buildSettings = {
				ASSETCATALOG_COMPILER_APPICON_NAME = AppIcon;
				ASSETCATALOG_COMPILER_GLOBAL_ACCENT_COLOR_NAME = AccentColor;
				CODE_SIGN_ENTITLEMENTS = Dormsy/Dormsy.entitlements;
				CODE_SIGN_STYLE = Automatic;
				CURRENT_PROJECT_VERSION = 1;
				DEAD_CODE_STRIPPING = YES;
				DEVELOPMENT_ASSET_PATHS = "\"Dormsy/Preview Content\"";
				DEVELOPMENT_TEAM = 7U4ZRRBBNS;
				ENABLE_HARDENED_RUNTIME = YES;
				ENABLE_PREVIEWS = YES;
				GENERATE_INFOPLIST_FILE = YES;
				"INFOPLIST_KEY_UIApplicationSceneManifest_Generation[sdk=iphoneos*]" = YES;
				"INFOPLIST_KEY_UIApplicationSceneManifest_Generation[sdk=iphonesimulator*]" = YES;
				"INFOPLIST_KEY_UIApplicationSupportsIndirectInputEvents[sdk=iphoneos*]" = YES;
				"INFOPLIST_KEY_UIApplicationSupportsIndirectInputEvents[sdk=iphonesimulator*]" = YES;
				"INFOPLIST_KEY_UILaunchScreen_Generation[sdk=iphoneos*]" = YES;
				"INFOPLIST_KEY_UILaunchScreen_Generation[sdk=iphonesimulator*]" = YES;
				"INFOPLIST_KEY_UIStatusBarStyle[sdk=iphoneos*]" = UIStatusBarStyleDefault;
				"INFOPLIST_KEY_UIStatusBarStyle[sdk=iphonesimulator*]" = UIStatusBarStyleDefault;
				INFOPLIST_KEY_UISupportedInterfaceOrientations_iPad = "UIInterfaceOrientationPortrait UIInterfaceOrientationPortraitUpsideDown UIInterfaceOrientationLandscapeLeft UIInterfaceOrientationLandscapeRight";
				INFOPLIST_KEY_UISupportedInterfaceOrientations_iPhone = "UIInterfaceOrientationPortrait UIInterfaceOrientationLandscapeLeft UIInterfaceOrientationLandscapeRight";
				IPHONEOS_DEPLOYMENT_TARGET = 17.2;
				LD_RUNPATH_SEARCH_PATHS = "@executable_path/Frameworks";
				"LD_RUNPATH_SEARCH_PATHS[sdk=macosx*]" = "@executable_path/../Frameworks";
				MACOSX_DEPLOYMENT_TARGET = 14.2;
				MARKETING_VERSION = 1.0;
				PRODUCT_BUNDLE_IDENTIFIER = testing.Dormsy;
				PRODUCT_NAME = "$(TARGET_NAME)";
				SDKROOT = auto;
				SUPPORTED_PLATFORMS = "iphoneos iphonesimulator";
				SUPPORTS_MACCATALYST = NO;
				SWIFT_EMIT_LOC_STRINGS = YES;
				SWIFT_VERSION = 5.0;
				TARGETED_DEVICE_FAMILY = "1,2";
			};
			name = Release;
		};
		20FEE3CD2CD98B3F00957976 /* Debug */ = {
			isa = XCBuildConfiguration;
			buildSettings = {
				BUNDLE_LOADER = "$(TEST_HOST)";
				CODE_SIGN_STYLE = Automatic;
				CURRENT_PROJECT_VERSION = 1;
				DEAD_CODE_STRIPPING = YES;
				DEVELOPMENT_TEAM = 7U4ZRRBBNS;
				GENERATE_INFOPLIST_FILE = YES;
				IPHONEOS_DEPLOYMENT_TARGET = 17.2;
				MACOSX_DEPLOYMENT_TARGET = 14.2;
				MARKETING_VERSION = 1.0;
				PRODUCT_BUNDLE_IDENTIFIER = testing.DormsyTests;
				PRODUCT_NAME = "$(TARGET_NAME)";
				SDKROOT = auto;
				SUPPORTED_PLATFORMS = "iphoneos iphonesimulator macosx";
				SWIFT_EMIT_LOC_STRINGS = NO;
				SWIFT_VERSION = 5.0;
				TARGETED_DEVICE_FAMILY = "1,2";
				TEST_HOST = "$(BUILT_PRODUCTS_DIR)/Dormsy.app/$(BUNDLE_EXECUTABLE_FOLDER_PATH)/Dormsy";
			};
			name = Debug;
		};
		20FEE3CE2CD98B3F00957976 /* Release */ = {
			isa = XCBuildConfiguration;
			buildSettings = {
				BUNDLE_LOADER = "$(TEST_HOST)";
				CODE_SIGN_STYLE = Automatic;
				CURRENT_PROJECT_VERSION = 1;
				DEAD_CODE_STRIPPING = YES;
				DEVELOPMENT_TEAM = 7U4ZRRBBNS;
				GENERATE_INFOPLIST_FILE = YES;
				IPHONEOS_DEPLOYMENT_TARGET = 17.2;
				MACOSX_DEPLOYMENT_TARGET = 14.2;
				MARKETING_VERSION = 1.0;
				PRODUCT_BUNDLE_IDENTIFIER = testing.DormsyTests;
				PRODUCT_NAME = "$(TARGET_NAME)";
				SDKROOT = auto;
				SUPPORTED_PLATFORMS = "iphoneos iphonesimulator macosx";
				SWIFT_EMIT_LOC_STRINGS = NO;
				SWIFT_VERSION = 5.0;
				TARGETED_DEVICE_FAMILY = "1,2";
				TEST_HOST = "$(BUILT_PRODUCTS_DIR)/Dormsy.app/$(BUNDLE_EXECUTABLE_FOLDER_PATH)/Dormsy";
			};
			name = Release;
		};
		20FEE3D02CD98B3F00957976 /* Debug */ = {
			isa = XCBuildConfiguration;
			buildSettings = {
				CODE_SIGN_STYLE = Automatic;
				CURRENT_PROJECT_VERSION = 1;
				DEAD_CODE_STRIPPING = YES;
				DEVELOPMENT_TEAM = 7U4ZRRBBNS;
				GENERATE_INFOPLIST_FILE = YES;
				IPHONEOS_DEPLOYMENT_TARGET = 17.2;
				MACOSX_DEPLOYMENT_TARGET = 14.2;
				MARKETING_VERSION = 1.0;
				PRODUCT_BUNDLE_IDENTIFIER = testing.DormsyUITests;
				PRODUCT_NAME = "$(TARGET_NAME)";
				SDKROOT = auto;
				SUPPORTED_PLATFORMS = "iphoneos iphonesimulator macosx";
				SWIFT_EMIT_LOC_STRINGS = NO;
				SWIFT_VERSION = 5.0;
				TARGETED_DEVICE_FAMILY = "1,2";
				TEST_TARGET_NAME = Dormsy;
			};
			name = Debug;
		};
		20FEE3D12CD98B3F00957976 /* Release */ = {
			isa = XCBuildConfiguration;
			buildSettings = {
				CODE_SIGN_STYLE = Automatic;
				CURRENT_PROJECT_VERSION = 1;
				DEAD_CODE_STRIPPING = YES;
				DEVELOPMENT_TEAM = 7U4ZRRBBNS;
				GENERATE_INFOPLIST_FILE = YES;
				IPHONEOS_DEPLOYMENT_TARGET = 17.2;
				MACOSX_DEPLOYMENT_TARGET = 14.2;
				MARKETING_VERSION = 1.0;
				PRODUCT_BUNDLE_IDENTIFIER = testing.DormsyUITests;
				PRODUCT_NAME = "$(TARGET_NAME)";
				SDKROOT = auto;
				SUPPORTED_PLATFORMS = "iphoneos iphonesimulator macosx";
				SWIFT_EMIT_LOC_STRINGS = NO;
				SWIFT_VERSION = 5.0;
				TARGETED_DEVICE_FAMILY = "1,2";
				TEST_TARGET_NAME = Dormsy;
			};
			name = Release;
		};
/* End XCBuildConfiguration section */

/* Begin XCConfigurationList section */
		20FEE39F2CD98B3D00957976 /* Build configuration list for PBXProject "Dormsy" */ = {
			isa = XCConfigurationList;
			buildConfigurations = (
				20FEE3C72CD98B3F00957976 /* Debug */,
				20FEE3C82CD98B3F00957976 /* Release */,
			);
			defaultConfigurationIsVisible = 0;
			defaultConfigurationName = Release;
		};
		20FEE3C92CD98B3F00957976 /* Build configuration list for PBXNativeTarget "Dormsy" */ = {
			isa = XCConfigurationList;
			buildConfigurations = (
				20FEE3CA2CD98B3F00957976 /* Debug */,
				20FEE3CB2CD98B3F00957976 /* Release */,
			);
			defaultConfigurationIsVisible = 0;
			defaultConfigurationName = Release;
		};
		20FEE3CC2CD98B3F00957976 /* Build configuration list for PBXNativeTarget "DormsyTests" */ = {
			isa = XCConfigurationList;
			buildConfigurations = (
				20FEE3CD2CD98B3F00957976 /* Debug */,
				20FEE3CE2CD98B3F00957976 /* Release */,
			);
			defaultConfigurationIsVisible = 0;
			defaultConfigurationName = Release;
		};
		20FEE3CF2CD98B3F00957976 /* Build configuration list for PBXNativeTarget "DormsyUITests" */ = {
			isa = XCConfigurationList;
			buildConfigurations = (
				20FEE3D02CD98B3F00957976 /* Debug */,
				20FEE3D12CD98B3F00957976 /* Release */,
			);
			defaultConfigurationIsVisible = 0;
			defaultConfigurationName = Release;
		};
/* End XCConfigurationList section */

/* Begin XCRemoteSwiftPackageReference section */
		20FEE3D42CD98CE100957976 /* XCRemoteSwiftPackageReference "firebase-ios-sdk" */ = {
			isa = XCRemoteSwiftPackageReference;
			repositoryURL = "https://github.com/firebase/firebase-ios-sdk";
			requirement = {
				kind = upToNextMajorVersion;
				minimumVersion = 11.4.0;
			};
		};
/* End XCRemoteSwiftPackageReference section */

/* Begin XCSwiftPackageProductDependency section */
		20FEE3D52CD98FE900957976 /* FirebaseAnalytics */ = {
			isa = XCSwiftPackageProductDependency;
			package = 20FEE3D42CD98CE100957976 /* XCRemoteSwiftPackageReference "firebase-ios-sdk" */;
			productName = FirebaseAnalytics;
		};
		20FEE3D72CD98FE900957976 /* FirebaseAnalyticsOnDeviceConversion */ = {
			isa = XCSwiftPackageProductDependency;
			package = 20FEE3D42CD98CE100957976 /* XCRemoteSwiftPackageReference "firebase-ios-sdk" */;
			productName = FirebaseAnalyticsOnDeviceConversion;
		};
		20FEE3D92CD98FE900957976 /* FirebaseAnalyticsWithoutAdIdSupport */ = {
			isa = XCSwiftPackageProductDependency;
			package = 20FEE3D42CD98CE100957976 /* XCRemoteSwiftPackageReference "firebase-ios-sdk" */;
			productName = FirebaseAnalyticsWithoutAdIdSupport;
		};
		20FEE3DB2CD98FE900957976 /* FirebaseAppCheck */ = {
			isa = XCSwiftPackageProductDependency;
			package = 20FEE3D42CD98CE100957976 /* XCRemoteSwiftPackageReference "firebase-ios-sdk" */;
			productName = FirebaseAppCheck;
		};
		20FEE3DD2CD98FE900957976 /* FirebaseAppDistribution-Beta */ = {
			isa = XCSwiftPackageProductDependency;
			package = 20FEE3D42CD98CE100957976 /* XCRemoteSwiftPackageReference "firebase-ios-sdk" */;
			productName = "FirebaseAppDistribution-Beta";
		};
		20FEE3DF2CD9907900957976 /* FirebaseAuth */ = {
			isa = XCSwiftPackageProductDependency;
			package = 20FEE3D42CD98CE100957976 /* XCRemoteSwiftPackageReference "firebase-ios-sdk" */;
			productName = FirebaseAuth;
		};
		20FEE3E12CD9907900957976 /* FirebaseAuthCombine-Community */ = {
			isa = XCSwiftPackageProductDependency;
			package = 20FEE3D42CD98CE100957976 /* XCRemoteSwiftPackageReference "firebase-ios-sdk" */;
			productName = "FirebaseAuthCombine-Community";
		};
		20FEE3E32CD9907900957976 /* FirebaseCore */ = {
			isa = XCSwiftPackageProductDependency;
			package = 20FEE3D42CD98CE100957976 /* XCRemoteSwiftPackageReference "firebase-ios-sdk" */;
			productName = FirebaseCore;
		};
		20FEE3E52CD9907900957976 /* FirebaseCrashlytics */ = {
			isa = XCSwiftPackageProductDependency;
			package = 20FEE3D42CD98CE100957976 /* XCRemoteSwiftPackageReference "firebase-ios-sdk" */;
			productName = FirebaseCrashlytics;
		};
		20FEE3E72CD9907900957976 /* FirebaseDatabase */ = {
			isa = XCSwiftPackageProductDependency;
			package = 20FEE3D42CD98CE100957976 /* XCRemoteSwiftPackageReference "firebase-ios-sdk" */;
			productName = FirebaseDatabase;
		};
		20FEE3E92CD9907900957976 /* FirebaseDynamicLinks */ = {
			isa = XCSwiftPackageProductDependency;
			package = 20FEE3D42CD98CE100957976 /* XCRemoteSwiftPackageReference "firebase-ios-sdk" */;
			productName = FirebaseDynamicLinks;
		};
		20FEE3EB2CD9907900957976 /* FirebaseFirestore */ = {
			isa = XCSwiftPackageProductDependency;
			package = 20FEE3D42CD98CE100957976 /* XCRemoteSwiftPackageReference "firebase-ios-sdk" */;
			productName = FirebaseFirestore;
		};
		20FEE3ED2CD9907900957976 /* FirebaseFirestoreCombine-Community */ = {
			isa = XCSwiftPackageProductDependency;
			package = 20FEE3D42CD98CE100957976 /* XCRemoteSwiftPackageReference "firebase-ios-sdk" */;
			productName = "FirebaseFirestoreCombine-Community";
		};
		20FEE3EF2CD9907900957976 /* FirebaseFunctions */ = {
			isa = XCSwiftPackageProductDependency;
			package = 20FEE3D42CD98CE100957976 /* XCRemoteSwiftPackageReference "firebase-ios-sdk" */;
			productName = FirebaseFunctions;
		};
		20FEE3F12CD9907900957976 /* FirebaseFunctionsCombine-Community */ = {
			isa = XCSwiftPackageProductDependency;
			package = 20FEE3D42CD98CE100957976 /* XCRemoteSwiftPackageReference "firebase-ios-sdk" */;
			productName = "FirebaseFunctionsCombine-Community";
		};
		20FEE3F32CD9907900957976 /* FirebaseInAppMessaging-Beta */ = {
			isa = XCSwiftPackageProductDependency;
			package = 20FEE3D42CD98CE100957976 /* XCRemoteSwiftPackageReference "firebase-ios-sdk" */;
			productName = "FirebaseInAppMessaging-Beta";
		};
		20FEE3F52CD9907900957976 /* FirebaseInstallations */ = {
			isa = XCSwiftPackageProductDependency;
			package = 20FEE3D42CD98CE100957976 /* XCRemoteSwiftPackageReference "firebase-ios-sdk" */;
			productName = FirebaseInstallations;
		};
		20FEE3F72CD9907900957976 /* FirebaseMLModelDownloader */ = {
			isa = XCSwiftPackageProductDependency;
			package = 20FEE3D42CD98CE100957976 /* XCRemoteSwiftPackageReference "firebase-ios-sdk" */;
			productName = FirebaseMLModelDownloader;
		};
		20FEE3F92CD9907900957976 /* FirebaseMessaging */ = {
			isa = XCSwiftPackageProductDependency;
			package = 20FEE3D42CD98CE100957976 /* XCRemoteSwiftPackageReference "firebase-ios-sdk" */;
			productName = FirebaseMessaging;
		};
		20FEE3FB2CD9907900957976 /* FirebasePerformance */ = {
			isa = XCSwiftPackageProductDependency;
			package = 20FEE3D42CD98CE100957976 /* XCRemoteSwiftPackageReference "firebase-ios-sdk" */;
			productName = FirebasePerformance;
		};
		20FEE3FD2CD9907900957976 /* FirebaseRemoteConfig */ = {
			isa = XCSwiftPackageProductDependency;
			package = 20FEE3D42CD98CE100957976 /* XCRemoteSwiftPackageReference "firebase-ios-sdk" */;
			productName = FirebaseRemoteConfig;
		};
		20FEE3FF2CD9907900957976 /* FirebaseStorage */ = {
			isa = XCSwiftPackageProductDependency;
			package = 20FEE3D42CD98CE100957976 /* XCRemoteSwiftPackageReference "firebase-ios-sdk" */;
			productName = FirebaseStorage;
		};
		20FEE4012CD9907900957976 /* FirebaseStorageCombine-Community */ = {
			isa = XCSwiftPackageProductDependency;
			package = 20FEE3D42CD98CE100957976 /* XCRemoteSwiftPackageReference "firebase-ios-sdk" */;
			productName = "FirebaseStorageCombine-Community";
		};
		20FEE4032CD9907900957976 /* FirebaseVertexAI */ = {
			isa = XCSwiftPackageProductDependency;
			package = 20FEE3D42CD98CE100957976 /* XCRemoteSwiftPackageReference "firebase-ios-sdk" */;
			productName = FirebaseVertexAI;
		};
/* End XCSwiftPackageProductDependency section */
	};
	rootObject = 20FEE39C2CD98B3D00957976 /* Project object */;
}
